
Microsoft Visual Studio Solution File, Format Version 12.00
# Visual Studio Version 17
VisualStudioVersion = 17.13.35931.197
MinimumVisualStudioVersion = 10.0.40219.1
Project("{FAE04EC0-301F-11D3-BF4B-00C04F79EFBC}") = "Backend", "Backend\Backend.csproj", "{1B37C112-E1C7-402D-A76D-E38FC2B99537}"
EndProject
Project("{FAE04EC0-301F-11D3-BF4B-00C04F79EFBC}") = "Service", "Service\Service.csproj", "{A1750CEF-45D2-4567-B106-C0552D7DB30A}"
EndProject
Global
	GlobalSection(SolutionConfigurationPlatforms) = preSolution
		Debug|Any CPU = Debug|Any CPU
		Release|Any CPU = Release|Any CPU
	EndGlobalSection
	GlobalSection(ProjectConfigurationPlatforms) = postSolution
		{1B37C112-E1C7-402D-A76D-E38FC2B99537}.Debug|Any CPU.ActiveCfg = Debug|Any CPU
		{1B37C112-E1C7-402D-A76D-E38FC2B99537}.Debug|Any CPU.Build.0 = Debug|Any CPU
		{1B37C112-E1C7-402D-A76D-E38FC2B99537}.Release|Any CPU.ActiveCfg = Release|Any CPU
		{1B37C112-E1C7-402D-A76D-E38FC2B99537}.Release|Any CPU.Build.0 = Release|Any CPU
		{A1750CEF-45D2-4567-B106-C0552D7DB30A}.Debug|Any CPU.ActiveCfg = Debug|Any CPU
		{A1750CEF-45D2-4567-B106-C0552D7DB30A}.Debug|Any CPU.Build.0 = Debug|Any CPU
		{A1750CEF-45D2-4567-B106-C0552D7DB30A}.Release|Any CPU.ActiveCfg = Release|Any CPU
		{A1750CEF-45D2-4567-B106-C0552D7DB30A}.Release|Any CPU.Build.0 = Release|Any CPU
	EndGlobalSection
	GlobalSection(SolutionProperties) = preSolution
		HideSolutionNode = FALSE
	EndGlobalSection
	GlobalSection(ExtensibilityGlobals) = postSolution
		SolutionGuid = {9C7D11E9-B8CB-4063-81AD-50067FF15F45}
	EndGlobalSection
EndGlobal
